# This file is automatically @generated by Cargo.
# It is not intended for manual editing.
version = 3

[[package]]
name = "cfg-if"
version = "0.1.10"
source = "registry+https://github.com/rust-lang/crates.io-index"
checksum = "4785bdd1c96b2a846b2bd7cc02e86b6b3dbf14e7e53446c4f54c92a361040822"

[[package]]
name = "generational-arena"
version = "0.2.8"
source = "registry+https://github.com/rust-lang/crates.io-index"
checksum = "8e1d3b771574f62d0548cee0ad9057857e9fc25d7a3335f140c84f6acd0bf601"
dependencies = [
 "cfg-if",
]

[[package]]
name = "piston-float"
version = "1.0.0"
source = "registry+https://github.com/rust-lang/crates.io-index"
checksum = "f900be47e312e126cc71d35548e8e31edd3901b92ab82d1c4c4757e6b5526564"

[[package]]
name = "sweedule"
version = "0.1.0"
dependencies = [
 "generational-arena",
 "vecmath",
]

[[package]]
name = "vecmath"
version = "1.0.0"
source = "registry+https://github.com/rust-lang/crates.io-index"
checksum = "956ae1e0d85bca567dee1dcf87fb1ca2e792792f66f87dced8381f99cd91156a"
dependencies = [
 "piston-float",
]
